{
  "name": "ksql",
  "version": "1.0.0",
  "lockfileVersion": 2,
  "requires": true,
  "packages": {
    "": {
      "version": "1.0.0",
      "license": "MIT",
      "dependencies": {
        "commander": "^7.2.0",
        "sqlite-parser": "^1.0.1"
      }
    },
    "node_modules/commander": {
      "version": "7.2.0",
      "resolved": "https://registry.npmjs.org/commander/-/commander-7.2.0.tgz",
      "integrity": "sha512-QrWXB+ZQSVPmIWIhtEO9H+gwHaMGYiF5ChvoJ+K9ZGHG/sVsa6yiesAD1GC/x46sET00Xlwo1u49RVVVzvcSkw==",
      "engines": {
        "node": ">= 10"
      }
    },
    "node_modules/sqlite-parser": {
      "version": "1.0.1",
      "resolved": "https://registry.npmjs.org/sqlite-parser/-/sqlite-parser-1.0.1.tgz",
      "integrity": "sha1-EQGD8mgvBKxsfYrQnEREbvl21ew=",
      "bin": {
        "sqlite-parser": "bin/sqlite-parser"
      },
      "engines": {
        "node": ">=4"
      }
    }
  },
  "dependencies": {
    "commander": {
      "version": "7.2.0",
      "resolved": "https://registry.npmjs.org/commander/-/commander-7.2.0.tgz",
      "integrity": "sha512-QrWXB+ZQSVPmIWIhtEO9H+gwHaMGYiF5ChvoJ+K9ZGHG/sVsa6yiesAD1GC/x46sET00Xlwo1u49RVVVzvcSkw=="
    },
    "sqlite-parser": {
      "version": "1.0.1",
      "resolved": "https://registry.npmjs.org/sqlite-parser/-/sqlite-parser-1.0.1.tgz",
      "integrity": "sha1-EQGD8mgvBKxsfYrQnEREbvl21ew="
    }
  }
}
